
Microsoft Visual Studio Solution File, Format Version 12.00
# Visual Studio Version 16
VisualStudioVersion = 16.0.30711.63
MinimumVisualStudioVersion = 10.0.40219.1
Project("{2150E333-8FDC-42A3-9474-1A3956D46DE8}") = "Data Binding", "Data Binding", "{6E665F17-C9C3-4B13-AD09-D0FFB451CAF1}"
EndProject
Project("{9A19103F-16F7-4668-BE54-9A1E7A4F7556}") = "BindValidation", "Data Binding\BindValidation\BindValidation.csproj", "{F404761A-C299-4F59-B8EE-990B09B2C4AC}"
EndProject
Project("{9A19103F-16F7-4668-BE54-9A1E7A4F7556}") = "BindConversion", "Data Binding\BindConversion\BindConversion.csproj", "{0B17F6B9-E3FC-481A-A4E4-06B3BD2A7E12}"
EndProject
Project("{9A19103F-16F7-4668-BE54-9A1E7A4F7556}") = "SimpleBinding", "Data Binding\SimpleBinding\SimpleBinding.csproj", "{E5AAEEF2-9739-4EAA-950A-288D39440A98}"
EndProject
Project("{9A19103F-16F7-4668-BE54-9A1E7A4F7556}") = "BindingDPToDP", "Data Binding\BindingDPToDP\BindingDPToDP.csproj", "{67C81AEF-6FE5-4C69-A2B9-A9862207EAA5}"
EndProject
Project("{FAE04EC0-301F-11D3-BF4B-00C04F79EFBC}") = "BindingToMethod", "Data Binding\BindingToMethod\BindingToMethod.csproj", "{44E75031-0431-4E71-8894-C7096EA3BE47}"
EndProject
Project("{FAE04EC0-301F-11D3-BF4B-00C04F79EFBC}") = "BindingToStringFormat", "Data Binding\BindingToStringFormat\BindingToStringFormat.csproj", "{312E611C-1B12-4DEE-AEE5-96575F5F760A}"
EndProject
Project("{FAE04EC0-301F-11D3-BF4B-00C04F79EFBC}") = "BusinessLayerValidation", "Data Binding\BusinessLayerValidation\BusinessLayerValidation.csproj", "{A78106B2-2E67-4B33-B5FD-230767196755}"
EndProject
Project("{FAE04EC0-301F-11D3-BF4B-00C04F79EFBC}") = "CollectionBinding", "Data Binding\CollectionBinding\CollectionBinding.csproj", "{27BDBF8F-053F-4F86-87AA-8460B46D02A5}"
EndProject
Global
	GlobalSection(SolutionConfigurationPlatforms) = preSolution
		Debug|Any CPU = Debug|Any CPU
		Release|Any CPU = Release|Any CPU
	EndGlobalSection
	GlobalSection(ProjectConfigurationPlatforms) = postSolution
		{F404761A-C299-4F59-B8EE-990B09B2C4AC}.Debug|Any CPU.ActiveCfg = Debug|Any CPU
		{F404761A-C299-4F59-B8EE-990B09B2C4AC}.Debug|Any CPU.Build.0 = Debug|Any CPU
		{F404761A-C299-4F59-B8EE-990B09B2C4AC}.Release|Any CPU.ActiveCfg = Release|Any CPU
		{F404761A-C299-4F59-B8EE-990B09B2C4AC}.Release|Any CPU.Build.0 = Release|Any CPU
		{0B17F6B9-E3FC-481A-A4E4-06B3BD2A7E12}.Debug|Any CPU.ActiveCfg = Debug|Any CPU
		{0B17F6B9-E3FC-481A-A4E4-06B3BD2A7E12}.Debug|Any CPU.Build.0 = Debug|Any CPU
		{0B17F6B9-E3FC-481A-A4E4-06B3BD2A7E12}.Release|Any CPU.ActiveCfg = Release|Any CPU
		{0B17F6B9-E3FC-481A-A4E4-06B3BD2A7E12}.Release|Any CPU.Build.0 = Release|Any CPU
		{E5AAEEF2-9739-4EAA-950A-288D39440A98}.Debug|Any CPU.ActiveCfg = Debug|Any CPU
		{E5AAEEF2-9739-4EAA-950A-288D39440A98}.Debug|Any CPU.Build.0 = Debug|Any CPU
		{E5AAEEF2-9739-4EAA-950A-288D39440A98}.Release|Any CPU.ActiveCfg = Release|Any CPU
		{E5AAEEF2-9739-4EAA-950A-288D39440A98}.Release|Any CPU.Build.0 = Release|Any CPU
		{67C81AEF-6FE5-4C69-A2B9-A9862207EAA5}.Debug|Any CPU.ActiveCfg = Debug|Any CPU
		{67C81AEF-6FE5-4C69-A2B9-A9862207EAA5}.Debug|Any CPU.Build.0 = Debug|Any CPU
		{67C81AEF-6FE5-4C69-A2B9-A9862207EAA5}.Release|Any CPU.ActiveCfg = Release|Any CPU
		{67C81AEF-6FE5-4C69-A2B9-A9862207EAA5}.Release|Any CPU.Build.0 = Release|Any CPU
		{44E75031-0431-4E71-8894-C7096EA3BE47}.Debug|Any CPU.ActiveCfg = Debug|Any CPU
		{44E75031-0431-4E71-8894-C7096EA3BE47}.Debug|Any CPU.Build.0 = Debug|Any CPU
		{44E75031-0431-4E71-8894-C7096EA3BE47}.Release|Any CPU.ActiveCfg = Release|Any CPU
		{44E75031-0431-4E71-8894-C7096EA3BE47}.Release|Any CPU.Build.0 = Release|Any CPU
		{312E611C-1B12-4DEE-AEE5-96575F5F760A}.Debug|Any CPU.ActiveCfg = Debug|Any CPU
		{312E611C-1B12-4DEE-AEE5-96575F5F760A}.Debug|Any CPU.Build.0 = Debug|Any CPU
		{312E611C-1B12-4DEE-AEE5-96575F5F760A}.Release|Any CPU.ActiveCfg = Release|Any CPU
		{312E611C-1B12-4DEE-AEE5-96575F5F760A}.Release|Any CPU.Build.0 = Release|Any CPU
		{A78106B2-2E67-4B33-B5FD-230767196755}.Debug|Any CPU.ActiveCfg = Debug|Any CPU
		{A78106B2-2E67-4B33-B5FD-230767196755}.Debug|Any CPU.Build.0 = Debug|Any CPU
		{A78106B2-2E67-4B33-B5FD-230767196755}.Release|Any CPU.ActiveCfg = Release|Any CPU
		{A78106B2-2E67-4B33-B5FD-230767196755}.Release|Any CPU.Build.0 = Release|Any CPU
		{27BDBF8F-053F-4F86-87AA-8460B46D02A5}.Debug|Any CPU.ActiveCfg = Debug|Any CPU
		{27BDBF8F-053F-4F86-87AA-8460B46D02A5}.Debug|Any CPU.Build.0 = Debug|Any CPU
		{27BDBF8F-053F-4F86-87AA-8460B46D02A5}.Release|Any CPU.ActiveCfg = Release|Any CPU
		{27BDBF8F-053F-4F86-87AA-8460B46D02A5}.Release|Any CPU.Build.0 = Release|Any CPU
	EndGlobalSection
	GlobalSection(SolutionProperties) = preSolution
		HideSolutionNode = FALSE
	EndGlobalSection
	GlobalSection(NestedProjects) = preSolution
		{F404761A-C299-4F59-B8EE-990B09B2C4AC} = {6E665F17-C9C3-4B13-AD09-D0FFB451CAF1}
		{0B17F6B9-E3FC-481A-A4E4-06B3BD2A7E12} = {6E665F17-C9C3-4B13-AD09-D0FFB451CAF1}
		{E5AAEEF2-9739-4EAA-950A-288D39440A98} = {6E665F17-C9C3-4B13-AD09-D0FFB451CAF1}
		{67C81AEF-6FE5-4C69-A2B9-A9862207EAA5} = {6E665F17-C9C3-4B13-AD09-D0FFB451CAF1}
		{44E75031-0431-4E71-8894-C7096EA3BE47} = {6E665F17-C9C3-4B13-AD09-D0FFB451CAF1}
		{312E611C-1B12-4DEE-AEE5-96575F5F760A} = {6E665F17-C9C3-4B13-AD09-D0FFB451CAF1}
		{A78106B2-2E67-4B33-B5FD-230767196755} = {6E665F17-C9C3-4B13-AD09-D0FFB451CAF1}
		{27BDBF8F-053F-4F86-87AA-8460B46D02A5} = {6E665F17-C9C3-4B13-AD09-D0FFB451CAF1}
	EndGlobalSection
	GlobalSection(ExtensibilityGlobals) = postSolution
		SolutionGuid = {81021A20-F28E-4749-B4DC-68240B8908A5}
	EndGlobalSection
EndGlobal
