
Microsoft Visual Studio Solution File, Format Version 12.00
# Visual Studio Version 16
VisualStudioVersion = 16.0.30711.63
MinimumVisualStudioVersion = 10.0.40219.1
Project("{2150E333-8FDC-42A3-9474-1A3956D46DE8}") = "Data Binding", "Data Binding", "{6E665F17-C9C3-4B13-AD09-D0FFB451CAF1}"
EndProject
Project("{9A19103F-16F7-4668-BE54-9A1E7A4F7556}") = "BindValidation", "Data Binding\BindValidation\BindValidation.csproj", "{F404761A-C299-4F59-B8EE-990B09B2C4AC}"
EndProject
Project("{9A19103F-16F7-4668-BE54-9A1E7A4F7556}") = "BindConversion", "Data Binding\BindConversion\BindConversion.csproj", "{0B17F6B9-E3FC-481A-A4E4-06B3BD2A7E12}"
EndProject
Project("{9A19103F-16F7-4668-BE54-9A1E7A4F7556}") = "SimpleBinding", "Data Binding\SimpleBinding\SimpleBinding.csproj", "{E5AAEEF2-9739-4EAA-950A-288D39440A98}"
EndProject
Project("{9A19103F-16F7-4668-BE54-9A1E7A4F7556}") = "BindingDPToDP", "Data Binding\BindingDPToDP\BindingDPToDP.csproj", "{67C81AEF-6FE5-4C69-A2B9-A9862207EAA5}"
EndProject
Project("{9A19103F-16F7-4668-BE54-9A1E7A4F7556}") = "BindingToMethod", "Data Binding\BindingToMethod\BindingToMethod.csproj", "{44E75031-0431-4E71-8894-C7096EA3BE47}"
EndProject
Project("{9A19103F-16F7-4668-BE54-9A1E7A4F7556}") = "BindingToStringFormat", "Data Binding\BindingToStringFormat\BindingToStringFormat.csproj", "{312E611C-1B12-4DEE-AEE5-96575F5F760A}"
EndProject
Project("{9A19103F-16F7-4668-BE54-9A1E7A4F7556}") = "BusinessLayerValidation", "Data Binding\BusinessLayerValidation\BusinessLayerValidation.csproj", "{A78106B2-2E67-4B33-B5FD-230767196755}"
EndProject
Project("{9A19103F-16F7-4668-BE54-9A1E7A4F7556}") = "CollectionBinding", "Data Binding\CollectionBinding\CollectionBinding.csproj", "{27BDBF8F-053F-4F86-87AA-8460B46D02A5}"
EndProject
Project("{9A19103F-16F7-4668-BE54-9A1E7A4F7556}") = "CollectionViewSource", "Data Binding\CollectionViewSource\CollectionViewSource.csproj", "{07AC5E9D-E1D3-4031-AA85-326BD463AA0E}"
EndProject
Project("{9A19103F-16F7-4668-BE54-9A1E7A4F7556}") = "CompositeCollections", "Data Binding\CompositeCollections\CompositeCollections.csproj", "{A33D9E49-1093-41D6-9319-79990A91C69E}"
EndProject
Project("{9A19103F-16F7-4668-BE54-9A1E7A4F7556}") = "Colors", "Data Binding\Colors\Colors.csproj", "{3444EBE2-30E6-428C-B9BA-8D25CBBB1AF5}"
EndProject
Project("{9A19103F-16F7-4668-BE54-9A1E7A4F7556}") = "MultiBinding", "Data Binding\MultiBinding\MultiBinding.csproj", "{B5C4FD46-4DDE-498F-897F-8E6AA4722C4E}"
EndProject
Project("{9A19103F-16F7-4668-BE54-9A1E7A4F7556}") = "PriorityBinding", "Data Binding\PriorityBinding\PriorityBinding.csproj", "{61037A65-183D-488B-A9DC-AC3D95365BA5}"
EndProject
Project("{9A19103F-16F7-4668-BE54-9A1E7A4F7556}") = "UpdateSource", "Data Binding\UpdateSource\UpdateSource.csproj", "{B493CB0D-93B4-4EEE-9216-8A57D44F8739}"
EndProject
Project("{9A19103F-16F7-4668-BE54-9A1E7A4F7556}") = "DirectionalBinding", "Data Binding\DirectionalBinding\DirectionalBinding.csproj", "{1BA6B5BE-84AE-46BD-9EB1-EB33F9F26E7B}"
EndProject
Project("{9A19103F-16F7-4668-BE54-9A1E7A4F7556}") = "MasterDetail", "Data Binding\MasterDetail\MasterDetail.csproj", "{835FEB37-3EA3-4844-8125-80EAC03153EF}"
EndProject
Project("{9A19103F-16F7-4668-BE54-9A1E7A4F7556}") = "MasterDetailXml", "Data Binding\MasterDetailXml\MasterDetailXml.csproj", "{7CE3B6CA-2CFC-4B66-A050-EC3BD4025FEB}"
EndProject
Project("{9A19103F-16F7-4668-BE54-9A1E7A4F7556}") = "PropertyChangeNotification", "Data Binding\PropertyChangeNotification\PropertyChangeNotification.csproj", "{70725DA6-D037-40C1-AB56-872CA1C2A7BF}"
EndProject
Project("{9A19103F-16F7-4668-BE54-9A1E7A4F7556}") = "DataTemplatingIntro", "Data Binding\DataTemplatingIntro\DataTemplatingIntro.csproj", "{1839CA39-1105-4016-B196-0A4BC295BD65}"
EndProject
Project("{9A19103F-16F7-4668-BE54-9A1E7A4F7556}") = "DataTrigger", "Data Binding\DataTrigger\DataTrigger.csproj", "{B75C1D63-2EB3-46AB-80AF-8307E61A268F}"
EndProject
Project("{9A19103F-16F7-4668-BE54-9A1E7A4F7556}") = "EditingCollections", "Data Binding\EditingCollections\EditingCollections.csproj", "{40ABBD08-7A2F-4C26-935D-5ADCDA44DE04}"
EndProject
Project("{FAE04EC0-301F-11D3-BF4B-00C04F79EFBC}") = "Grouping", "Data Binding\Grouping\Grouping.csproj", "{6B6AEDBA-818E-42D5-868B-8F83A18DE60D}"
EndProject
Project("{FAE04EC0-301F-11D3-BF4B-00C04F79EFBC}") = "HierarchicalDataTemplate", "Data Binding\HierarchicalDataTemplate\HierarchicalDataTemplate.csproj", "{0B004170-30DD-4061-87D5-C7A484FA57C6}"
EndProject
Project("{FAE04EC0-301F-11D3-BF4B-00C04F79EFBC}") = "Linq", "Data Binding\Linq\Linq.csproj", "{22953A35-2934-4787-92C5-3A84D6179E26}"
EndProject
Global
	GlobalSection(SolutionConfigurationPlatforms) = preSolution
		Debug|Any CPU = Debug|Any CPU
		Release|Any CPU = Release|Any CPU
	EndGlobalSection
	GlobalSection(ProjectConfigurationPlatforms) = postSolution
		{F404761A-C299-4F59-B8EE-990B09B2C4AC}.Debug|Any CPU.ActiveCfg = Debug|Any CPU
		{F404761A-C299-4F59-B8EE-990B09B2C4AC}.Debug|Any CPU.Build.0 = Debug|Any CPU
		{F404761A-C299-4F59-B8EE-990B09B2C4AC}.Release|Any CPU.ActiveCfg = Release|Any CPU
		{F404761A-C299-4F59-B8EE-990B09B2C4AC}.Release|Any CPU.Build.0 = Release|Any CPU
		{0B17F6B9-E3FC-481A-A4E4-06B3BD2A7E12}.Debug|Any CPU.ActiveCfg = Debug|Any CPU
		{0B17F6B9-E3FC-481A-A4E4-06B3BD2A7E12}.Debug|Any CPU.Build.0 = Debug|Any CPU
		{0B17F6B9-E3FC-481A-A4E4-06B3BD2A7E12}.Release|Any CPU.ActiveCfg = Release|Any CPU
		{0B17F6B9-E3FC-481A-A4E4-06B3BD2A7E12}.Release|Any CPU.Build.0 = Release|Any CPU
		{E5AAEEF2-9739-4EAA-950A-288D39440A98}.Debug|Any CPU.ActiveCfg = Debug|Any CPU
		{E5AAEEF2-9739-4EAA-950A-288D39440A98}.Debug|Any CPU.Build.0 = Debug|Any CPU
		{E5AAEEF2-9739-4EAA-950A-288D39440A98}.Release|Any CPU.ActiveCfg = Release|Any CPU
		{E5AAEEF2-9739-4EAA-950A-288D39440A98}.Release|Any CPU.Build.0 = Release|Any CPU
		{67C81AEF-6FE5-4C69-A2B9-A9862207EAA5}.Debug|Any CPU.ActiveCfg = Debug|Any CPU
		{67C81AEF-6FE5-4C69-A2B9-A9862207EAA5}.Debug|Any CPU.Build.0 = Debug|Any CPU
		{67C81AEF-6FE5-4C69-A2B9-A9862207EAA5}.Release|Any CPU.ActiveCfg = Release|Any CPU
		{67C81AEF-6FE5-4C69-A2B9-A9862207EAA5}.Release|Any CPU.Build.0 = Release|Any CPU
		{44E75031-0431-4E71-8894-C7096EA3BE47}.Debug|Any CPU.ActiveCfg = Debug|Any CPU
		{44E75031-0431-4E71-8894-C7096EA3BE47}.Debug|Any CPU.Build.0 = Debug|Any CPU
		{44E75031-0431-4E71-8894-C7096EA3BE47}.Release|Any CPU.ActiveCfg = Release|Any CPU
		{44E75031-0431-4E71-8894-C7096EA3BE47}.Release|Any CPU.Build.0 = Release|Any CPU
		{312E611C-1B12-4DEE-AEE5-96575F5F760A}.Debug|Any CPU.ActiveCfg = Debug|Any CPU
		{312E611C-1B12-4DEE-AEE5-96575F5F760A}.Debug|Any CPU.Build.0 = Debug|Any CPU
		{312E611C-1B12-4DEE-AEE5-96575F5F760A}.Release|Any CPU.ActiveCfg = Release|Any CPU
		{312E611C-1B12-4DEE-AEE5-96575F5F760A}.Release|Any CPU.Build.0 = Release|Any CPU
		{A78106B2-2E67-4B33-B5FD-230767196755}.Debug|Any CPU.ActiveCfg = Debug|Any CPU
		{A78106B2-2E67-4B33-B5FD-230767196755}.Debug|Any CPU.Build.0 = Debug|Any CPU
		{A78106B2-2E67-4B33-B5FD-230767196755}.Release|Any CPU.ActiveCfg = Release|Any CPU
		{A78106B2-2E67-4B33-B5FD-230767196755}.Release|Any CPU.Build.0 = Release|Any CPU
		{27BDBF8F-053F-4F86-87AA-8460B46D02A5}.Debug|Any CPU.ActiveCfg = Debug|Any CPU
		{27BDBF8F-053F-4F86-87AA-8460B46D02A5}.Debug|Any CPU.Build.0 = Debug|Any CPU
		{27BDBF8F-053F-4F86-87AA-8460B46D02A5}.Release|Any CPU.ActiveCfg = Release|Any CPU
		{27BDBF8F-053F-4F86-87AA-8460B46D02A5}.Release|Any CPU.Build.0 = Release|Any CPU
		{07AC5E9D-E1D3-4031-AA85-326BD463AA0E}.Debug|Any CPU.ActiveCfg = Debug|Any CPU
		{07AC5E9D-E1D3-4031-AA85-326BD463AA0E}.Debug|Any CPU.Build.0 = Debug|Any CPU
		{07AC5E9D-E1D3-4031-AA85-326BD463AA0E}.Release|Any CPU.ActiveCfg = Release|Any CPU
		{07AC5E9D-E1D3-4031-AA85-326BD463AA0E}.Release|Any CPU.Build.0 = Release|Any CPU
		{A33D9E49-1093-41D6-9319-79990A91C69E}.Debug|Any CPU.ActiveCfg = Debug|Any CPU
		{A33D9E49-1093-41D6-9319-79990A91C69E}.Debug|Any CPU.Build.0 = Debug|Any CPU
		{A33D9E49-1093-41D6-9319-79990A91C69E}.Release|Any CPU.ActiveCfg = Release|Any CPU
		{A33D9E49-1093-41D6-9319-79990A91C69E}.Release|Any CPU.Build.0 = Release|Any CPU
		{3444EBE2-30E6-428C-B9BA-8D25CBBB1AF5}.Debug|Any CPU.ActiveCfg = Debug|Any CPU
		{3444EBE2-30E6-428C-B9BA-8D25CBBB1AF5}.Debug|Any CPU.Build.0 = Debug|Any CPU
		{3444EBE2-30E6-428C-B9BA-8D25CBBB1AF5}.Release|Any CPU.ActiveCfg = Release|Any CPU
		{3444EBE2-30E6-428C-B9BA-8D25CBBB1AF5}.Release|Any CPU.Build.0 = Release|Any CPU
		{B5C4FD46-4DDE-498F-897F-8E6AA4722C4E}.Debug|Any CPU.ActiveCfg = Debug|Any CPU
		{B5C4FD46-4DDE-498F-897F-8E6AA4722C4E}.Debug|Any CPU.Build.0 = Debug|Any CPU
		{B5C4FD46-4DDE-498F-897F-8E6AA4722C4E}.Release|Any CPU.ActiveCfg = Release|Any CPU
		{B5C4FD46-4DDE-498F-897F-8E6AA4722C4E}.Release|Any CPU.Build.0 = Release|Any CPU
		{61037A65-183D-488B-A9DC-AC3D95365BA5}.Debug|Any CPU.ActiveCfg = Debug|Any CPU
		{61037A65-183D-488B-A9DC-AC3D95365BA5}.Debug|Any CPU.Build.0 = Debug|Any CPU
		{61037A65-183D-488B-A9DC-AC3D95365BA5}.Release|Any CPU.ActiveCfg = Release|Any CPU
		{61037A65-183D-488B-A9DC-AC3D95365BA5}.Release|Any CPU.Build.0 = Release|Any CPU
		{B493CB0D-93B4-4EEE-9216-8A57D44F8739}.Debug|Any CPU.ActiveCfg = Debug|Any CPU
		{B493CB0D-93B4-4EEE-9216-8A57D44F8739}.Debug|Any CPU.Build.0 = Debug|Any CPU
		{B493CB0D-93B4-4EEE-9216-8A57D44F8739}.Release|Any CPU.ActiveCfg = Release|Any CPU
		{B493CB0D-93B4-4EEE-9216-8A57D44F8739}.Release|Any CPU.Build.0 = Release|Any CPU
		{1BA6B5BE-84AE-46BD-9EB1-EB33F9F26E7B}.Debug|Any CPU.ActiveCfg = Debug|Any CPU
		{1BA6B5BE-84AE-46BD-9EB1-EB33F9F26E7B}.Debug|Any CPU.Build.0 = Debug|Any CPU
		{1BA6B5BE-84AE-46BD-9EB1-EB33F9F26E7B}.Release|Any CPU.ActiveCfg = Release|Any CPU
		{1BA6B5BE-84AE-46BD-9EB1-EB33F9F26E7B}.Release|Any CPU.Build.0 = Release|Any CPU
		{835FEB37-3EA3-4844-8125-80EAC03153EF}.Debug|Any CPU.ActiveCfg = Debug|Any CPU
		{835FEB37-3EA3-4844-8125-80EAC03153EF}.Debug|Any CPU.Build.0 = Debug|Any CPU
		{835FEB37-3EA3-4844-8125-80EAC03153EF}.Release|Any CPU.ActiveCfg = Release|Any CPU
		{835FEB37-3EA3-4844-8125-80EAC03153EF}.Release|Any CPU.Build.0 = Release|Any CPU
		{7CE3B6CA-2CFC-4B66-A050-EC3BD4025FEB}.Debug|Any CPU.ActiveCfg = Debug|Any CPU
		{7CE3B6CA-2CFC-4B66-A050-EC3BD4025FEB}.Debug|Any CPU.Build.0 = Debug|Any CPU
		{7CE3B6CA-2CFC-4B66-A050-EC3BD4025FEB}.Release|Any CPU.ActiveCfg = Release|Any CPU
		{7CE3B6CA-2CFC-4B66-A050-EC3BD4025FEB}.Release|Any CPU.Build.0 = Release|Any CPU
		{70725DA6-D037-40C1-AB56-872CA1C2A7BF}.Debug|Any CPU.ActiveCfg = Debug|Any CPU
		{70725DA6-D037-40C1-AB56-872CA1C2A7BF}.Debug|Any CPU.Build.0 = Debug|Any CPU
		{70725DA6-D037-40C1-AB56-872CA1C2A7BF}.Release|Any CPU.ActiveCfg = Release|Any CPU
		{70725DA6-D037-40C1-AB56-872CA1C2A7BF}.Release|Any CPU.Build.0 = Release|Any CPU
		{1839CA39-1105-4016-B196-0A4BC295BD65}.Debug|Any CPU.ActiveCfg = Debug|Any CPU
		{1839CA39-1105-4016-B196-0A4BC295BD65}.Debug|Any CPU.Build.0 = Debug|Any CPU
		{1839CA39-1105-4016-B196-0A4BC295BD65}.Release|Any CPU.ActiveCfg = Release|Any CPU
		{1839CA39-1105-4016-B196-0A4BC295BD65}.Release|Any CPU.Build.0 = Release|Any CPU
		{B75C1D63-2EB3-46AB-80AF-8307E61A268F}.Debug|Any CPU.ActiveCfg = Debug|Any CPU
		{B75C1D63-2EB3-46AB-80AF-8307E61A268F}.Debug|Any CPU.Build.0 = Debug|Any CPU
		{B75C1D63-2EB3-46AB-80AF-8307E61A268F}.Release|Any CPU.ActiveCfg = Release|Any CPU
		{B75C1D63-2EB3-46AB-80AF-8307E61A268F}.Release|Any CPU.Build.0 = Release|Any CPU
		{40ABBD08-7A2F-4C26-935D-5ADCDA44DE04}.Debug|Any CPU.ActiveCfg = Debug|Any CPU
		{40ABBD08-7A2F-4C26-935D-5ADCDA44DE04}.Debug|Any CPU.Build.0 = Debug|Any CPU
		{40ABBD08-7A2F-4C26-935D-5ADCDA44DE04}.Release|Any CPU.ActiveCfg = Release|Any CPU
		{40ABBD08-7A2F-4C26-935D-5ADCDA44DE04}.Release|Any CPU.Build.0 = Release|Any CPU
		{6B6AEDBA-818E-42D5-868B-8F83A18DE60D}.Debug|Any CPU.ActiveCfg = Debug|Any CPU
		{6B6AEDBA-818E-42D5-868B-8F83A18DE60D}.Debug|Any CPU.Build.0 = Debug|Any CPU
		{6B6AEDBA-818E-42D5-868B-8F83A18DE60D}.Release|Any CPU.ActiveCfg = Release|Any CPU
		{6B6AEDBA-818E-42D5-868B-8F83A18DE60D}.Release|Any CPU.Build.0 = Release|Any CPU
		{0B004170-30DD-4061-87D5-C7A484FA57C6}.Debug|Any CPU.ActiveCfg = Debug|Any CPU
		{0B004170-30DD-4061-87D5-C7A484FA57C6}.Debug|Any CPU.Build.0 = Debug|Any CPU
		{0B004170-30DD-4061-87D5-C7A484FA57C6}.Release|Any CPU.ActiveCfg = Release|Any CPU
		{0B004170-30DD-4061-87D5-C7A484FA57C6}.Release|Any CPU.Build.0 = Release|Any CPU
		{22953A35-2934-4787-92C5-3A84D6179E26}.Debug|Any CPU.ActiveCfg = Debug|Any CPU
		{22953A35-2934-4787-92C5-3A84D6179E26}.Debug|Any CPU.Build.0 = Debug|Any CPU
		{22953A35-2934-4787-92C5-3A84D6179E26}.Release|Any CPU.ActiveCfg = Release|Any CPU
		{22953A35-2934-4787-92C5-3A84D6179E26}.Release|Any CPU.Build.0 = Release|Any CPU
	EndGlobalSection
	GlobalSection(SolutionProperties) = preSolution
		HideSolutionNode = FALSE
	EndGlobalSection
	GlobalSection(NestedProjects) = preSolution
		{F404761A-C299-4F59-B8EE-990B09B2C4AC} = {6E665F17-C9C3-4B13-AD09-D0FFB451CAF1}
		{0B17F6B9-E3FC-481A-A4E4-06B3BD2A7E12} = {6E665F17-C9C3-4B13-AD09-D0FFB451CAF1}
		{E5AAEEF2-9739-4EAA-950A-288D39440A98} = {6E665F17-C9C3-4B13-AD09-D0FFB451CAF1}
		{67C81AEF-6FE5-4C69-A2B9-A9862207EAA5} = {6E665F17-C9C3-4B13-AD09-D0FFB451CAF1}
		{44E75031-0431-4E71-8894-C7096EA3BE47} = {6E665F17-C9C3-4B13-AD09-D0FFB451CAF1}
		{312E611C-1B12-4DEE-AEE5-96575F5F760A} = {6E665F17-C9C3-4B13-AD09-D0FFB451CAF1}
		{A78106B2-2E67-4B33-B5FD-230767196755} = {6E665F17-C9C3-4B13-AD09-D0FFB451CAF1}
		{27BDBF8F-053F-4F86-87AA-8460B46D02A5} = {6E665F17-C9C3-4B13-AD09-D0FFB451CAF1}
		{07AC5E9D-E1D3-4031-AA85-326BD463AA0E} = {6E665F17-C9C3-4B13-AD09-D0FFB451CAF1}
		{A33D9E49-1093-41D6-9319-79990A91C69E} = {6E665F17-C9C3-4B13-AD09-D0FFB451CAF1}
		{3444EBE2-30E6-428C-B9BA-8D25CBBB1AF5} = {6E665F17-C9C3-4B13-AD09-D0FFB451CAF1}
		{B5C4FD46-4DDE-498F-897F-8E6AA4722C4E} = {6E665F17-C9C3-4B13-AD09-D0FFB451CAF1}
		{61037A65-183D-488B-A9DC-AC3D95365BA5} = {6E665F17-C9C3-4B13-AD09-D0FFB451CAF1}
		{B493CB0D-93B4-4EEE-9216-8A57D44F8739} = {6E665F17-C9C3-4B13-AD09-D0FFB451CAF1}
		{1BA6B5BE-84AE-46BD-9EB1-EB33F9F26E7B} = {6E665F17-C9C3-4B13-AD09-D0FFB451CAF1}
		{835FEB37-3EA3-4844-8125-80EAC03153EF} = {6E665F17-C9C3-4B13-AD09-D0FFB451CAF1}
		{7CE3B6CA-2CFC-4B66-A050-EC3BD4025FEB} = {6E665F17-C9C3-4B13-AD09-D0FFB451CAF1}
		{70725DA6-D037-40C1-AB56-872CA1C2A7BF} = {6E665F17-C9C3-4B13-AD09-D0FFB451CAF1}
		{1839CA39-1105-4016-B196-0A4BC295BD65} = {6E665F17-C9C3-4B13-AD09-D0FFB451CAF1}
		{B75C1D63-2EB3-46AB-80AF-8307E61A268F} = {6E665F17-C9C3-4B13-AD09-D0FFB451CAF1}
		{40ABBD08-7A2F-4C26-935D-5ADCDA44DE04} = {6E665F17-C9C3-4B13-AD09-D0FFB451CAF1}
		{6B6AEDBA-818E-42D5-868B-8F83A18DE60D} = {6E665F17-C9C3-4B13-AD09-D0FFB451CAF1}
		{0B004170-30DD-4061-87D5-C7A484FA57C6} = {6E665F17-C9C3-4B13-AD09-D0FFB451CAF1}
		{22953A35-2934-4787-92C5-3A84D6179E26} = {6E665F17-C9C3-4B13-AD09-D0FFB451CAF1}
	EndGlobalSection
	GlobalSection(ExtensibilityGlobals) = postSolution
		SolutionGuid = {81021A20-F28E-4749-B4DC-68240B8908A5}
	EndGlobalSection
EndGlobal
